
Microsoft Visual Studio Solution File, Format Version 12.00
# Visual Studio Version 16
VisualStudioVersion = 16.0.29306.81
MinimumVisualStudioVersion = 10.0.40219.1
Project("{FAE04EC0-301F-11D3-BF4B-00C04F79EFBC}") = "4D_function", "4D_function\4D_function.csproj", "{10B6C0C1-F05A-4A54-ABE2-6A5A97C9CBE1}"
EndProject
Global
	GlobalSection(SolutionConfigurationPlatforms) = preSolution
		Debug|Any CPU = Debug|Any CPU
		Release|Any CPU = Release|Any CPU
	EndGlobalSection
	GlobalSection(ProjectConfigurationPlatforms) = postSolution
		{10B6C0C1-F05A-4A54-ABE2-6A5A97C9CBE1}.Debug|Any CPU.ActiveCfg = Debug|Any CPU
		{10B6C0C1-F05A-4A54-ABE2-6A5A97C9CBE1}.Debug|Any CPU.Build.0 = Debug|Any CPU
		{10B6C0C1-F05A-4A54-ABE2-6A5A97C9CBE1}.Release|Any CPU.ActiveCfg = Release|Any CPU
		{10B6C0C1-F05A-4A54-ABE2-6A5A97C9CBE1}.Release|Any CPU.Build.0 = Release|Any CPU
	EndGlobalSection
	GlobalSection(SolutionProperties) = preSolution
		HideSolutionNode = FALSE
	EndGlobalSection
	GlobalSection(ExtensibilityGlobals) = postSolution
		SolutionGuid = {F06442C8-E5BD-4B5B-86CE-065A41DEBB6E}
	EndGlobalSection
EndGlobal
